
Microsoft Visual Studio Solution File, Format Version 12.00
# Visual Studio 15
VisualStudioVersion = 15.0.28307.757
MinimumVisualStudioVersion = 10.0.40219.1
Project("{FAE04EC0-301F-11D3-BF4B-00C04F79EFBC}") = "MSsqlTool", "MSsqlTool\MSsqlTool.csproj", "{0B06690B-8235-45F4-903B-CD7FCBBF8851}"
EndProject
Global
	GlobalSection(SolutionConfigurationPlatforms) = preSolution
		Debug|Any CPU = Debug|Any CPU
		Release|Any CPU = Release|Any CPU
		XBAP Debug|Any CPU = XBAP Debug|Any CPU
		XBAP Release|Any CPU = XBAP Release|Any CPU
	EndGlobalSection
	GlobalSection(ProjectConfigurationPlatforms) = postSolution
		{0B06690B-8235-45F4-903B-CD7FCBBF8851}.Debug|Any CPU.ActiveCfg = Debug|Any CPU
		{0B06690B-8235-45F4-903B-CD7FCBBF8851}.Debug|Any CPU.Build.0 = Debug|Any CPU
		{0B06690B-8235-45F4-903B-CD7FCBBF8851}.Release|Any CPU.ActiveCfg = Release|Any CPU
		{0B06690B-8235-45F4-903B-CD7FCBBF8851}.Release|Any CPU.Build.0 = Release|Any CPU
		{0B06690B-8235-45F4-903B-CD7FCBBF8851}.XBAP Debug|Any CPU.ActiveCfg = Debug|Any CPU
		{0B06690B-8235-45F4-903B-CD7FCBBF8851}.XBAP Debug|Any CPU.Build.0 = Debug|Any CPU
		{0B06690B-8235-45F4-903B-CD7FCBBF8851}.XBAP Release|Any CPU.ActiveCfg = Release|Any CPU
		{0B06690B-8235-45F4-903B-CD7FCBBF8851}.XBAP Release|Any CPU.Build.0 = Release|Any CPU
	EndGlobalSection
	GlobalSection(SolutionProperties) = preSolution
		HideSolutionNode = FALSE
	EndGlobalSection
	GlobalSection(ExtensibilityGlobals) = postSolution
		SolutionGuid = {CEE86D3C-C531-4BD1-AD1B-9D37431E2B55}
	EndGlobalSection
EndGlobal
